
Microsoft Visual Studio Solution File, Format Version 12.00
# Visual Studio Version 17
VisualStudioVersion = 17.7.34202.233
MinimumVisualStudioVersion = 10.0.40219.1
Project("{FAE04EC0-301F-11D3-BF4B-00C04F79EFBC}") = "FrmView", "FrmView\FrmView.csproj", "{64D4CCEA-02EA-41FD-97AA-A552531B03EB}"
EndProject
Project("{FAE04EC0-301F-11D3-BF4B-00C04F79EFBC}") = "Entidades", "Entidades\Entidades.csproj", "{D4C79B35-4FAB-4E8C-9CA8-17F840967727}"
EndProject
Global
	GlobalSection(SolutionConfigurationPlatforms) = preSolution
		Debug|Any CPU = Debug|Any CPU
		Release|Any CPU = Release|Any CPU
	EndGlobalSection
	GlobalSection(ProjectConfigurationPlatforms) = postSolution
		{64D4CCEA-02EA-41FD-97AA-A552531B03EB}.Debug|Any CPU.ActiveCfg = Debug|Any CPU
		{64D4CCEA-02EA-41FD-97AA-A552531B03EB}.Debug|Any CPU.Build.0 = Debug|Any CPU
		{64D4CCEA-02EA-41FD-97AA-A552531B03EB}.Release|Any CPU.ActiveCfg = Release|Any CPU
		{64D4CCEA-02EA-41FD-97AA-A552531B03EB}.Release|Any CPU.Build.0 = Release|Any CPU
		{D4C79B35-4FAB-4E8C-9CA8-17F840967727}.Debug|Any CPU.ActiveCfg = Debug|Any CPU
		{D4C79B35-4FAB-4E8C-9CA8-17F840967727}.Debug|Any CPU.Build.0 = Debug|Any CPU
		{D4C79B35-4FAB-4E8C-9CA8-17F840967727}.Release|Any CPU.ActiveCfg = Release|Any CPU
		{D4C79B35-4FAB-4E8C-9CA8-17F840967727}.Release|Any CPU.Build.0 = Release|Any CPU
	EndGlobalSection
	GlobalSection(SolutionProperties) = preSolution
		HideSolutionNode = FALSE
	EndGlobalSection
	GlobalSection(ExtensibilityGlobals) = postSolution
		SolutionGuid = {11F859AB-4FA0-4E73-9D6B-587C46CB81EF}
	EndGlobalSection
EndGlobal
